// !$*UTF8*$!
{
	archiveVersion = 1;
	classes = {
	};
	objectVersion = 50;
	objects = {

/* Begin PBXBuildFile section */
		E1DFF7B724F3318B00089393 /* AppDelegate.swift in Sources */ = {isa = PBXBuildFile; fileRef = E1DFF7B624F3318B00089393 /* AppDelegate.swift */; };
		E1DFF7B924F3318B00089393 /* SceneDelegate.swift in Sources */ = {isa = PBXBuildFile; fileRef = E1DFF7B824F3318B00089393 /* SceneDelegate.swift */; };
		E1DFF7BB24F3318B00089393 /* RMLibraryTableViewController.swift in Sources */ = {isa = PBXBuildFile; fileRef = E1DFF7BA24F3318B00089393 /* RMLibraryTableViewController.swift */; };
		E1DFF7BE24F3318B00089393 /* Main.storyboard in Resources */ = {isa = PBXBuildFile; fileRef = E1DFF7BC24F3318B00089393 /* Main.storyboard */; };
		E1DFF7C024F3318D00089393 /* Assets.xcassets in Resources */ = {isa = PBXBuildFile; fileRef = E1DFF7BF24F3318D00089393 /* Assets.xcassets */; };
		E1DFF7C324F3318D00089393 /* LaunchScreen.storyboard in Resources */ = {isa = PBXBuildFile; fileRef = E1DFF7C124F3318D00089393 /* LaunchScreen.storyboard */; };
		E1DFF7F824F34E9800089393 /* RMBook.swift in Sources */ = {isa = PBXBuildFile; fileRef = E1DFF7F724F34E9800089393 /* RMBook.swift */; };
		E1DFF7FC24F6E1CB00089393 /* RMLibrary.swift in Sources */ = {isa = PBXBuildFile; fileRef = E1DFF7FB24F6E1CB00089393 /* RMLibrary.swift */; };
		E1DFF80A24F6F08900089393 /* RMLibrarySymbol.swift in Sources */ = {isa = PBXBuildFile; fileRef = E1DFF80924F6F08900089393 /* RMLibrarySymbol.swift */; };
		E1FA8D7824F726560018EE7D /* RMDetailTableViewController.swift in Sources */ = {isa = PBXBuildFile; fileRef = E1FA8D7724F726560018EE7D /* RMDetailTableViewController.swift */; };
		E1FA8D7A24F781240018EE7D /* UIView+EXT.swift in Sources */ = {isa = PBXBuildFile; fileRef = E1FA8D7924F781240018EE7D /* UIView+EXT.swift */; };
		E1FA8D7D24F8552C0018EE7D /* RMBookTableViewCell.swift in Sources */ = {isa = PBXBuildFile; fileRef = E1FA8D7C24F8552C0018EE7D /* RMBookTableViewCell.swift */; };
		E1FA8DB824FCB8BD0018EE7D /* RMNewBookTableViewController.swift in Sources */ = {isa = PBXBuildFile; fileRef = E1FA8DB724FCB8BD0018EE7D /* RMNewBookTableViewController.swift */; };
		E1FA8DC624FDAD580018EE7D /* RMLibraryHeaderView.swift in Sources */ = {isa = PBXBuildFile; fileRef = E1FA8DC524FDAD580018EE7D /* RMLibraryHeaderView.swift */; };
		E1FA8DC924FDADDF0018EE7D /* RMLibraryHeaderView.xib in Resources */ = {isa = PBXBuildFile; fileRef = E1FA8DC824FDADDF0018EE7D /* RMLibraryHeaderView.xib */; };
		E1FA8DD024FEE2FD0018EE7D /* UITextField+EXT.swift in Sources */ = {isa = PBXBuildFile; fileRef = E1FA8DCF24FEE2FD0018EE7D /* UITextField+EXT.swift */; };
		E1FA8DD224FEE41B0018EE7D /* UITextView+EXT.swift in Sources */ = {isa = PBXBuildFile; fileRef = E1FA8DD124FEE41B0018EE7D /* UITextView+EXT.swift */; };
/* End PBXBuildFile section */

/* Begin PBXFileReference section */
		E1DFF7B324F3318B00089393 /* ReadMe App Storyboard.app */ = {isa = PBXFileReference; explicitFileType = wrapper.application; includeInIndex = 0; path = "ReadMe App Storyboard.app"; sourceTree = BUILT_PRODUCTS_DIR; };
		E1DFF7B624F3318B00089393 /* AppDelegate.swift */ = {isa = PBXFileReference; lastKnownFileType = sourcecode.swift; path = AppDelegate.swift; sourceTree = "<group>"; };
		E1DFF7B824F3318B00089393 /* SceneDelegate.swift */ = {isa = PBXFileReference; lastKnownFileType = sourcecode.swift; path = SceneDelegate.swift; sourceTree = "<group>"; };
		E1DFF7BA24F3318B00089393 /* RMLibraryTableViewController.swift */ = {isa = PBXFileReference; lastKnownFileType = sourcecode.swift; path = RMLibraryTableViewController.swift; sourceTree = "<group>"; };
		E1DFF7BD24F3318B00089393 /* Base */ = {isa = PBXFileReference; lastKnownFileType = file.storyboard; name = Base; path = Base.lproj/Main.storyboard; sourceTree = "<group>"; };
		E1DFF7BF24F3318D00089393 /* Assets.xcassets */ = {isa = PBXFileReference; lastKnownFileType = folder.assetcatalog; path = Assets.xcassets; sourceTree = "<group>"; };
		E1DFF7C224F3318D00089393 /* Base */ = {isa = PBXFileReference; lastKnownFileType = file.storyboard; name = Base; path = Base.lproj/LaunchScreen.storyboard; sourceTree = "<group>"; };
		E1DFF7C424F3318D00089393 /* Info.plist */ = {isa = PBXFileReference; lastKnownFileType = text.plist.xml; path = Info.plist; sourceTree = "<group>"; };
		E1DFF7F724F34E9800089393 /* RMBook.swift */ = {isa = PBXFileReference; lastKnownFileType = sourcecode.swift; path = RMBook.swift; sourceTree = "<group>"; };
		E1DFF7FB24F6E1CB00089393 /* RMLibrary.swift */ = {isa = PBXFileReference; fileEncoding = 4; lastKnownFileType = sourcecode.swift; path = RMLibrary.swift; sourceTree = "<group>"; };
		E1DFF80924F6F08900089393 /* RMLibrarySymbol.swift */ = {isa = PBXFileReference; lastKnownFileType = sourcecode.swift; path = RMLibrarySymbol.swift; sourceTree = "<group>"; };
		E1FA8D7724F726560018EE7D /* RMDetailTableViewController.swift */ = {isa = PBXFileReference; lastKnownFileType = sourcecode.swift; path = RMDetailTableViewController.swift; sourceTree = "<group>"; };
		E1FA8D7924F781240018EE7D /* UIView+EXT.swift */ = {isa = PBXFileReference; lastKnownFileType = sourcecode.swift; path = "UIView+EXT.swift"; sourceTree = "<group>"; };
		E1FA8D7C24F8552C0018EE7D /* RMBookTableViewCell.swift */ = {isa = PBXFileReference; lastKnownFileType = sourcecode.swift; path = RMBookTableViewCell.swift; sourceTree = "<group>"; };
		E1FA8DB724FCB8BD0018EE7D /* RMNewBookTableViewController.swift */ = {isa = PBXFileReference; lastKnownFileType = sourcecode.swift; path = RMNewBookTableViewController.swift; sourceTree = "<group>"; };
		E1FA8DC524FDAD580018EE7D /* RMLibraryHeaderView.swift */ = {isa = PBXFileReference; lastKnownFileType = sourcecode.swift; path = RMLibraryHeaderView.swift; sourceTree = "<group>"; };
		E1FA8DC824FDADDF0018EE7D /* RMLibraryHeaderView.xib */ = {isa = PBXFileReference; lastKnownFileType = file.xib; path = RMLibraryHeaderView.xib; sourceTree = "<group>"; };
		E1FA8DCF24FEE2FD0018EE7D /* UITextField+EXT.swift */ = {isa = PBXFileReference; lastKnownFileType = sourcecode.swift; path = "UITextField+EXT.swift"; sourceTree = "<group>"; };
		E1FA8DD124FEE41B0018EE7D /* UITextView+EXT.swift */ = {isa = PBXFileReference; lastKnownFileType = sourcecode.swift; path = "UITextView+EXT.swift"; sourceTree = "<group>"; };
/* End PBXFileReference section */

/* Begin PBXFrameworksBuildPhase section */
		E1DFF7B024F3318B00089393 /* Frameworks */ = {
			isa = PBXFrameworksBuildPhase;
			buildActionMask = 2147483647;
			files = (
			);
			runOnlyForDeploymentPostprocessing = 0;
		};
/* End PBXFrameworksBuildPhase section */

/* Begin PBXGroup section */
		E1DFF7AA24F3318B00089393 = {
			isa = PBXGroup;
			children = (
				E1DFF7B524F3318B00089393 /* ReadMe App Storyboard */,
				E1DFF7B424F3318B00089393 /* Products */,
			);
			sourceTree = "<group>";
		};
		E1DFF7B424F3318B00089393 /* Products */ = {
			isa = PBXGroup;
			children = (
				E1DFF7B324F3318B00089393 /* ReadMe App Storyboard.app */,
			);
			name = Products;
			sourceTree = "<group>";
		};
		E1DFF7B524F3318B00089393 /* ReadMe App Storyboard */ = {
			isa = PBXGroup;
			children = (
				E1DFF7BC24F3318B00089393 /* Main.storyboard */,
				E1DFF7FD24F6EC6200089393 /* Utility */,
				E1DFF7F624F34E6F00089393 /* Models */,
				E1DFF7F524F34E6800089393 /* Views */,
				E1DFF7F424F34E6000089393 /* Controllers */,
				E1FA8DC724FDADA50018EE7D /* NIBS and XIBS */,
				E1DFF7F324F34E4C00089393 /* Support */,
				E1DFF7C424F3318D00089393 /* Info.plist */,
			);
			path = "ReadMe App Storyboard";
			sourceTree = "<group>";
		};
		E1DFF7F324F34E4C00089393 /* Support */ = {
			isa = PBXGroup;
			children = (
				E1DFF7B624F3318B00089393 /* AppDelegate.swift */,
				E1DFF7B824F3318B00089393 /* SceneDelegate.swift */,
				E1DFF7BF24F3318D00089393 /* Assets.xcassets */,
				E1DFF7C124F3318D00089393 /* LaunchScreen.storyboard */,
			);
			path = Support;
			sourceTree = "<group>";
		};
		E1DFF7F424F34E6000089393 /* Controllers */ = {
			isa = PBXGroup;
			children = (
				E1DFF7BA24F3318B00089393 /* RMLibraryTableViewController.swift */,
				E1FA8D7724F726560018EE7D /* RMDetailTableViewController.swift */,
				E1FA8DB724FCB8BD0018EE7D /* RMNewBookTableViewController.swift */,
			);
			path = Controllers;
			sourceTree = "<group>";
		};
		E1DFF7F524F34E6800089393 /* Views */ = {
			isa = PBXGroup;
			children = (
				E1FA8DC424FDAD160018EE7D /* Headers */,
				E1FA8D7B24F855140018EE7D /* Cells */,
			);
			path = Views;
			sourceTree = "<group>";
		};
		E1DFF7F624F34E6F00089393 /* Models */ = {
			isa = PBXGroup;
			children = (
				E1DFF80924F6F08900089393 /* RMLibrarySymbol.swift */,
				E1DFF7FB24F6E1CB00089393 /* RMLibrary.swift */,
				E1DFF7F724F34E9800089393 /* RMBook.swift */,
			);
			path = Models;
			sourceTree = "<group>";
		};
		E1DFF7FD24F6EC6200089393 /* Utility */ = {
			isa = PBXGroup;
			children = (
				E1FA8D7924F781240018EE7D /* UIView+EXT.swift */,
				E1FA8DCF24FEE2FD0018EE7D /* UITextField+EXT.swift */,
				E1FA8DD124FEE41B0018EE7D /* UITextView+EXT.swift */,
			);
			path = Utility;
			sourceTree = "<group>";
		};
		E1FA8D7B24F855140018EE7D /* Cells */ = {
			isa = PBXGroup;
			children = (
				E1FA8D7C24F8552C0018EE7D /* RMBookTableViewCell.swift */,
			);
			path = Cells;
			sourceTree = "<group>";
		};
		E1FA8DC424FDAD160018EE7D /* Headers */ = {
			isa = PBXGroup;
			children = (
				E1FA8DC524FDAD580018EE7D /* RMLibraryHeaderView.swift */,
			);
			path = Headers;
			sourceTree = "<group>";
		};
		E1FA8DC724FDADA50018EE7D /* NIBS and XIBS */ = {
			isa = PBXGroup;
			children = (
				E1FA8DC824FDADDF0018EE7D /* RMLibraryHeaderView.xib */,
			);
			path = "NIBS and XIBS";
			sourceTree = "<group>";
		};
/* End PBXGroup section */

/* Begin PBXNativeTarget section */
		E1DFF7B224F3318B00089393 /* ReadMe App Storyboard */ = {
			isa = PBXNativeTarget;
			buildConfigurationList = E1DFF7C724F3318D00089393 /* Build configuration list for PBXNativeTarget "ReadMe App Storyboard" */;
			buildPhases = (
				E1DFF7AF24F3318B00089393 /* Sources */,
				E1DFF7B024F3318B00089393 /* Frameworks */,
				E1DFF7B124F3318B00089393 /* Resources */,
			);
			buildRules = (
			);
			dependencies = (
			);
			name = "ReadMe App Storyboard";
			productName = "ReadMe App Storyboard";
			productReference = E1DFF7B324F3318B00089393 /* ReadMe App Storyboard.app */;
			productType = "com.apple.product-type.application";
		};
/* End PBXNativeTarget section */

/* Begin PBXProject section */
		E1DFF7AB24F3318B00089393 /* Project object */ = {
			isa = PBXProject;
			attributes = {
				LastSwiftUpdateCheck = 1160;
				LastUpgradeCheck = 1160;
				ORGANIZATIONNAME = "Jason Pinlac";
				TargetAttributes = {
					E1DFF7B224F3318B00089393 = {
						CreatedOnToolsVersion = 11.6;
					};
				};
			};
			buildConfigurationList = E1DFF7AE24F3318B00089393 /* Build configuration list for PBXProject "ReadMe App Storyboard" */;
			compatibilityVersion = "Xcode 9.3";
			developmentRegion = en;
			hasScannedForEncodings = 0;
			knownRegions = (
				en,
				Base,
			);
			mainGroup = E1DFF7AA24F3318B00089393;
			productRefGroup = E1DFF7B424F3318B00089393 /* Products */;
			projectDirPath = "";
			projectRoot = "";
			targets = (
				E1DFF7B224F3318B00089393 /* ReadMe App Storyboard */,
			);
		};
/* End PBXProject section */

/* Begin PBXResourcesBuildPhase section */
		E1DFF7B124F3318B00089393 /* Resources */ = {
			isa = PBXResourcesBuildPhase;
			buildActionMask = 2147483647;
			files = (
				E1FA8DC924FDADDF0018EE7D /* RMLibraryHeaderView.xib in Resources */,
				E1DFF7C324F3318D00089393 /* LaunchScreen.storyboard in Resources */,
				E1DFF7C024F3318D00089393 /* Assets.xcassets in Resources */,
				E1DFF7BE24F3318B00089393 /* Main.storyboard in Resources */,
			);
			runOnlyForDeploymentPostprocessing = 0;
		};
/* End PBXResourcesBuildPhase section */

/* Begin PBXSourcesBuildPhase section */
		E1DFF7AF24F3318B00089393 /* Sources */ = {
			isa = PBXSourcesBuildPhase;
			buildActionMask = 2147483647;
			files = (
				E1FA8D7A24F781240018EE7D /* UIView+EXT.swift in Sources */,
				E1DFF7BB24F3318B00089393 /* RMLibraryTableViewController.swift in Sources */,
				E1DFF7F824F34E9800089393 /* RMBook.swift in Sources */,
				E1DFF80A24F6F08900089393 /* RMLibrarySymbol.swift in Sources */,
				E1DFF7FC24F6E1CB00089393 /* RMLibrary.swift in Sources */,
				E1FA8D7D24F8552C0018EE7D /* RMBookTableViewCell.swift in Sources */,
				E1FA8DB824FCB8BD0018EE7D /* RMNewBookTableViewController.swift in Sources */,
				E1FA8DD024FEE2FD0018EE7D /* UITextField+EXT.swift in Sources */,
				E1FA8D7824F726560018EE7D /* RMDetailTableViewController.swift in Sources */,
				E1FA8DC624FDAD580018EE7D /* RMLibraryHeaderView.swift in Sources */,
				E1DFF7B724F3318B00089393 /* AppDelegate.swift in Sources */,
				E1DFF7B924F3318B00089393 /* SceneDelegate.swift in Sources */,
				E1FA8DD224FEE41B0018EE7D /* UITextView+EXT.swift in Sources */,
			);
			runOnlyForDeploymentPostprocessing = 0;
		};
/* End PBXSourcesBuildPhase section */

/* Begin PBXVariantGroup section */
		E1DFF7BC24F3318B00089393 /* Main.storyboard */ = {
			isa = PBXVariantGroup;
			children = (
				E1DFF7BD24F3318B00089393 /* Base */,
			);
			name = Main.storyboard;
			sourceTree = "<group>";
		};
		E1DFF7C124F3318D00089393 /* LaunchScreen.storyboard */ = {
			isa = PBXVariantGroup;
			children = (
				E1DFF7C224F3318D00089393 /* Base */,
			);
			name = LaunchScreen.storyboard;
			sourceTree = "<group>";
		};
/* End PBXVariantGroup section */

/* Begin XCBuildConfiguration section */
		E1DFF7C524F3318D00089393 /* Debug */ = {
			isa = XCBuildConfiguration;
			buildSettings = {
				ALWAYS_SEARCH_USER_PATHS = NO;
				CLANG_ANALYZER_NONNULL = YES;
				CLANG_ANALYZER_NUMBER_OBJECT_CONVERSION = YES_AGGRESSIVE;
				CLANG_CXX_LANGUAGE_STANDARD = "gnu++14";
				CLANG_CXX_LIBRARY = "libc++";
				CLANG_ENABLE_MODULES = YES;
				CLANG_ENABLE_OBJC_ARC = YES;
				CLANG_ENABLE_OBJC_WEAK = YES;
				CLANG_WARN_BLOCK_CAPTURE_AUTORELEASING = YES;
				CLANG_WARN_BOOL_CONVERSION = YES;
				CLANG_WARN_COMMA = YES;
				CLANG_WARN_CONSTANT_CONVERSION = YES;
				CLANG_WARN_DEPRECATED_OBJC_IMPLEMENTATIONS = YES;
				CLANG_WARN_DIRECT_OBJC_ISA_USAGE = YES_ERROR;
				CLANG_WARN_DOCUMENTATION_COMMENTS = YES;
				CLANG_WARN_EMPTY_BODY = YES;
				CLANG_WARN_ENUM_CONVERSION = YES;
				CLANG_WARN_INFINITE_RECURSION = YES;
				CLANG_WARN_INT_CONVERSION = YES;
				CLANG_WARN_NON_LITERAL_NULL_CONVERSION = YES;
				CLANG_WARN_OBJC_IMPLICIT_RETAIN_SELF = YES;
				CLANG_WARN_OBJC_LITERAL_CONVERSION = YES;
				CLANG_WARN_OBJC_ROOT_CLASS = YES_ERROR;
				CLANG_WARN_RANGE_LOOP_ANALYSIS = YES;
				CLANG_WARN_STRICT_PROTOTYPES = YES;
				CLANG_WARN_SUSPICIOUS_MOVE = YES;
				CLANG_WARN_UNGUARDED_AVAILABILITY = YES_AGGRESSIVE;
				CLANG_WARN_UNREACHABLE_CODE = YES;
				CLANG_WARN__DUPLICATE_METHOD_MATCH = YES;
				COPY_PHASE_STRIP = NO;
				DEBUG_INFORMATION_FORMAT = dwarf;
				ENABLE_STRICT_OBJC_MSGSEND = YES;
				ENABLE_TESTABILITY = YES;
				GCC_C_LANGUAGE_STANDARD = gnu11;
				GCC_DYNAMIC_NO_PIC = NO;
				GCC_NO_COMMON_BLOCKS = YES;
				GCC_OPTIMIZATION_LEVEL = 0;
				GCC_PREPROCESSOR_DEFINITIONS = (
					"DEBUG=1",
					"$(inherited)",
				);
				GCC_WARN_64_TO_32_BIT_CONVERSION = YES;
				GCC_WARN_ABOUT_RETURN_TYPE = YES_ERROR;
				GCC_WARN_UNDECLARED_SELECTOR = YES;
				GCC_WARN_UNINITIALIZED_AUTOS = YES_AGGRESSIVE;
				GCC_WARN_UNUSED_FUNCTION = YES;
				GCC_WARN_UNUSED_VARIABLE = YES;
				IPHONEOS_DEPLOYMENT_TARGET = 13.6;
				MTL_ENABLE_DEBUG_INFO = INCLUDE_SOURCE;
				MTL_FAST_MATH = YES;
				ONLY_ACTIVE_ARCH = YES;
				SDKROOT = iphoneos;
				SWIFT_ACTIVE_COMPILATION_CONDITIONS = DEBUG;
				SWIFT_OPTIMIZATION_LEVEL = "-Onone";
			};
			name = Debug;
		};
		E1DFF7C624F3318D00089393 /* Release */ = {
			isa = XCBuildConfiguration;
			buildSettings = {
				ALWAYS_SEARCH_USER_PATHS = NO;
				CLANG_ANALYZER_NONNULL = YES;
				CLANG_ANALYZER_NUMBER_OBJECT_CONVERSION = YES_AGGRESSIVE;
				CLANG_CXX_LANGUAGE_STANDARD = "gnu++14";
				CLANG_CXX_LIBRARY = "libc++";
				CLANG_ENABLE_MODULES = YES;
				CLANG_ENABLE_OBJC_ARC = YES;
				CLANG_ENABLE_OBJC_WEAK = YES;
				CLANG_WARN_BLOCK_CAPTURE_AUTORELEASING = YES;
				CLANG_WARN_BOOL_CONVERSION = YES;
				CLANG_WARN_COMMA = YES;
				CLANG_WARN_CONSTANT_CONVERSION = YES;
				CLANG_WARN_DEPRECATED_OBJC_IMPLEMENTATIONS = YES;
				CLANG_WARN_DIRECT_OBJC_ISA_USAGE = YES_ERROR;
				CLANG_WARN_DOCUMENTATION_COMMENTS = YES;
				CLANG_WARN_EMPTY_BODY = YES;
				CLANG_WARN_ENUM_CONVERSION = YES;
				CLANG_WARN_INFINITE_RECURSION = YES;
				CLANG_WARN_INT_CONVERSION = YES;
				CLANG_WARN_NON_LITERAL_NULL_CONVERSION = YES;
				CLANG_WARN_OBJC_IMPLICIT_RETAIN_SELF = YES;
				CLANG_WARN_OBJC_LITERAL_CONVERSION = YES;
				CLANG_WARN_OBJC_ROOT_CLASS = YES_ERROR;
				CLANG_WARN_RANGE_LOOP_ANALYSIS = YES;
				CLANG_WARN_STRICT_PROTOTYPES = YES;
				CLANG_WARN_SUSPICIOUS_MOVE = YES;
				CLANG_WARN_UNGUARDED_AVAILABILITY = YES_AGGRESSIVE;
				CLANG_WARN_UNREACHABLE_CODE = YES;
				CLANG_WARN__DUPLICATE_METHOD_MATCH = YES;
				COPY_PHASE_STRIP = NO;
				DEBUG_INFORMATION_FORMAT = "dwarf-with-dsym";
				ENABLE_NS_ASSERTIONS = NO;
				ENABLE_STRICT_OBJC_MSGSEND = YES;
				GCC_C_LANGUAGE_STANDARD = gnu11;
				GCC_NO_COMMON_BLOCKS = YES;
				GCC_WARN_64_TO_32_BIT_CONVERSION = YES;
				GCC_WARN_ABOUT_RETURN_TYPE = YES_ERROR;
				GCC_WARN_UNDECLARED_SELECTOR = YES;
				GCC_WARN_UNINITIALIZED_AUTOS = YES_AGGRESSIVE;
				GCC_WARN_UNUSED_FUNCTION = YES;
				GCC_WARN_UNUSED_VARIABLE = YES;
				IPHONEOS_DEPLOYMENT_TARGET = 13.6;
				MTL_ENABLE_DEBUG_INFO = NO;
				MTL_FAST_MATH = YES;
				SDKROOT = iphoneos;
				SWIFT_COMPILATION_MODE = wholemodule;
				SWIFT_OPTIMIZATION_LEVEL = "-O";
				VALIDATE_PRODUCT = YES;
			};
			name = Release;
		};
		E1DFF7C824F3318D00089393 /* Debug */ = {
			isa = XCBuildConfiguration;
			buildSettings = {
				ASSETCATALOG_COMPILER_APPICON_NAME = AppIcon;
				CODE_SIGN_STYLE = Automatic;
				DEVELOPMENT_TEAM = XWVP4F494Z;
				INFOPLIST_FILE = "ReadMe App Storyboard/Info.plist";
				LD_RUNPATH_SEARCH_PATHS = (
					"$(inherited)",
					"@executable_path/Frameworks",
				);
				PRODUCT_BUNDLE_IDENTIFIER = "dev.jasonpinlac.ReadMe-App-Storyboard";
				PRODUCT_NAME = "$(TARGET_NAME)";
				SWIFT_VERSION = 5.0;
				TARGETED_DEVICE_FAMILY = "1,2";
			};
			name = Debug;
		};
		E1DFF7C924F3318D00089393 /* Release */ = {
			isa = XCBuildConfiguration;
			buildSettings = {
				ASSETCATALOG_COMPILER_APPICON_NAME = AppIcon;
				CODE_SIGN_STYLE = Automatic;
				DEVELOPMENT_TEAM = XWVP4F494Z;
				INFOPLIST_FILE = "ReadMe App Storyboard/Info.plist";
				LD_RUNPATH_SEARCH_PATHS = (
					"$(inherited)",
					"@executable_path/Frameworks",
				);
				PRODUCT_BUNDLE_IDENTIFIER = "dev.jasonpinlac.ReadMe-App-Storyboard";
				PRODUCT_NAME = "$(TARGET_NAME)";
				SWIFT_VERSION = 5.0;
				TARGETED_DEVICE_FAMILY = "1,2";
			};
			name = Release;
		};
/* End XCBuildConfiguration section */

/* Begin XCConfigurationList section */
		E1DFF7AE24F3318B00089393 /* Build configuration list for PBXProject "ReadMe App Storyboard" */ = {
			isa = XCConfigurationList;
			buildConfigurations = (
				E1DFF7C524F3318D00089393 /* Debug */,
				E1DFF7C624F3318D00089393 /* Release */,
			);
			defaultConfigurationIsVisible = 0;
			defaultConfigurationName = Release;
		};
		E1DFF7C724F3318D00089393 /* Build configuration list for PBXNativeTarget "ReadMe App Storyboard" */ = {
			isa = XCConfigurationList;
			buildConfigurations = (
				E1DFF7C824F3318D00089393 /* Debug */,
				E1DFF7C924F3318D00089393 /* Release */,
			);
			defaultConfigurationIsVisible = 0;
			defaultConfigurationName = Release;
		};
/* End XCConfigurationList section */
	};
	rootObject = E1DFF7AB24F3318B00089393 /* Project object */;
}
