// !$*UTF8*$!
{
	archiveVersion = 1;
	classes = {
	};
	objectVersion = 50;
	objects = {

/* Begin PBXBuildFile section */
		E11C92882494128F00380EA6 /* AppDelegate.swift in Sources */ = {isa = PBXBuildFile; fileRef = E11C92872494128F00380EA6 /* AppDelegate.swift */; };
		E11C928A2494128F00380EA6 /* SceneDelegate.swift in Sources */ = {isa = PBXBuildFile; fileRef = E11C92892494128F00380EA6 /* SceneDelegate.swift */; };
		E11C928C2494128F00380EA6 /* ContentView.swift in Sources */ = {isa = PBXBuildFile; fileRef = E11C928B2494128F00380EA6 /* ContentView.swift */; };
		E11C928E2494129100380EA6 /* Assets.xcassets in Resources */ = {isa = PBXBuildFile; fileRef = E11C928D2494129100380EA6 /* Assets.xcassets */; };
		E11C92912494129100380EA6 /* Preview Assets.xcassets in Resources */ = {isa = PBXBuildFile; fileRef = E11C92902494129100380EA6 /* Preview Assets.xcassets */; };
		E11C92942494129100380EA6 /* LaunchScreen.storyboard in Resources */ = {isa = PBXBuildFile; fileRef = E11C92922494129100380EA6 /* LaunchScreen.storyboard */; };
		E11C929C2494243300380EA6 /* AboutView.swift in Sources */ = {isa = PBXBuildFile; fileRef = E11C929B2494243300380EA6 /* AboutView.swift */; };
/* End PBXBuildFile section */

/* Begin PBXFileReference section */
		E11C92842494128F00380EA6 /* Bullseye-SwiftUI.app */ = {isa = PBXFileReference; explicitFileType = wrapper.application; includeInIndex = 0; path = "Bullseye-SwiftUI.app"; sourceTree = BUILT_PRODUCTS_DIR; };
		E11C92872494128F00380EA6 /* AppDelegate.swift */ = {isa = PBXFileReference; lastKnownFileType = sourcecode.swift; path = AppDelegate.swift; sourceTree = "<group>"; };
		E11C92892494128F00380EA6 /* SceneDelegate.swift */ = {isa = PBXFileReference; lastKnownFileType = sourcecode.swift; path = SceneDelegate.swift; sourceTree = "<group>"; };
		E11C928B2494128F00380EA6 /* ContentView.swift */ = {isa = PBXFileReference; lastKnownFileType = sourcecode.swift; path = ContentView.swift; sourceTree = "<group>"; };
		E11C928D2494129100380EA6 /* Assets.xcassets */ = {isa = PBXFileReference; lastKnownFileType = folder.assetcatalog; path = Assets.xcassets; sourceTree = "<group>"; };
		E11C92902494129100380EA6 /* Preview Assets.xcassets */ = {isa = PBXFileReference; lastKnownFileType = folder.assetcatalog; path = "Preview Assets.xcassets"; sourceTree = "<group>"; };
		E11C92932494129100380EA6 /* Base */ = {isa = PBXFileReference; lastKnownFileType = file.storyboard; name = Base; path = Base.lproj/LaunchScreen.storyboard; sourceTree = "<group>"; };
		E11C92952494129100380EA6 /* Info.plist */ = {isa = PBXFileReference; lastKnownFileType = text.plist.xml; path = Info.plist; sourceTree = "<group>"; };
		E11C929B2494243300380EA6 /* AboutView.swift */ = {isa = PBXFileReference; lastKnownFileType = sourcecode.swift; path = AboutView.swift; sourceTree = "<group>"; };
/* End PBXFileReference section */

/* Begin PBXFrameworksBuildPhase section */
		E11C92812494128F00380EA6 /* Frameworks */ = {
			isa = PBXFrameworksBuildPhase;
			buildActionMask = 2147483647;
			files = (
			);
			runOnlyForDeploymentPostprocessing = 0;
		};
/* End PBXFrameworksBuildPhase section */

/* Begin PBXGroup section */
		E11C927B2494128F00380EA6 = {
			isa = PBXGroup;
			children = (
				E11C92862494128F00380EA6 /* Bullseye-SwiftUI */,
				E11C92852494128F00380EA6 /* Products */,
			);
			sourceTree = "<group>";
		};
		E11C92852494128F00380EA6 /* Products */ = {
			isa = PBXGroup;
			children = (
				E11C92842494128F00380EA6 /* Bullseye-SwiftUI.app */,
			);
			name = Products;
			sourceTree = "<group>";
		};
		E11C92862494128F00380EA6 /* Bullseye-SwiftUI */ = {
			isa = PBXGroup;
			children = (
				E11C92872494128F00380EA6 /* AppDelegate.swift */,
				E11C92892494128F00380EA6 /* SceneDelegate.swift */,
				E11C928B2494128F00380EA6 /* ContentView.swift */,
				E11C929B2494243300380EA6 /* AboutView.swift */,
				E11C928D2494129100380EA6 /* Assets.xcassets */,
				E11C92922494129100380EA6 /* LaunchScreen.storyboard */,
				E11C92952494129100380EA6 /* Info.plist */,
				E11C928F2494129100380EA6 /* Preview Content */,
			);
			path = "Bullseye-SwiftUI";
			sourceTree = "<group>";
		};
		E11C928F2494129100380EA6 /* Preview Content */ = {
			isa = PBXGroup;
			children = (
				E11C92902494129100380EA6 /* Preview Assets.xcassets */,
			);
			path = "Preview Content";
			sourceTree = "<group>";
		};
/* End PBXGroup section */

/* Begin PBXNativeTarget section */
		E11C92832494128F00380EA6 /* Bullseye-SwiftUI */ = {
			isa = PBXNativeTarget;
			buildConfigurationList = E11C92982494129100380EA6 /* Build configuration list for PBXNativeTarget "Bullseye-SwiftUI" */;
			buildPhases = (
				E11C92802494128F00380EA6 /* Sources */,
				E11C92812494128F00380EA6 /* Frameworks */,
				E11C92822494128F00380EA6 /* Resources */,
			);
			buildRules = (
			);
			dependencies = (
			);
			name = "Bullseye-SwiftUI";
			productName = "Bullseye-SwiftUI";
			productReference = E11C92842494128F00380EA6 /* Bullseye-SwiftUI.app */;
			productType = "com.apple.product-type.application";
		};
/* End PBXNativeTarget section */

/* Begin PBXProject section */
		E11C927C2494128F00380EA6 /* Project object */ = {
			isa = PBXProject;
			attributes = {
				LastSwiftUpdateCheck = 1150;
				LastUpgradeCheck = 1150;
				ORGANIZATIONNAME = "Jason Pinlac";
				TargetAttributes = {
					E11C92832494128F00380EA6 = {
						CreatedOnToolsVersion = 11.5;
					};
				};
			};
			buildConfigurationList = E11C927F2494128F00380EA6 /* Build configuration list for PBXProject "Bullseye-SwiftUI" */;
			compatibilityVersion = "Xcode 9.3";
			developmentRegion = en;
			hasScannedForEncodings = 0;
			knownRegions = (
				en,
				Base,
			);
			mainGroup = E11C927B2494128F00380EA6;
			productRefGroup = E11C92852494128F00380EA6 /* Products */;
			projectDirPath = "";
			projectRoot = "";
			targets = (
				E11C92832494128F00380EA6 /* Bullseye-SwiftUI */,
			);
		};
/* End PBXProject section */

/* Begin PBXResourcesBuildPhase section */
		E11C92822494128F00380EA6 /* Resources */ = {
			isa = PBXResourcesBuildPhase;
			buildActionMask = 2147483647;
			files = (
				E11C92942494129100380EA6 /* LaunchScreen.storyboard in Resources */,
				E11C92912494129100380EA6 /* Preview Assets.xcassets in Resources */,
				E11C928E2494129100380EA6 /* Assets.xcassets in Resources */,
			);
			runOnlyForDeploymentPostprocessing = 0;
		};
/* End PBXResourcesBuildPhase section */

/* Begin PBXSourcesBuildPhase section */
		E11C92802494128F00380EA6 /* Sources */ = {
			isa = PBXSourcesBuildPhase;
			buildActionMask = 2147483647;
			files = (
				E11C929C2494243300380EA6 /* AboutView.swift in Sources */,
				E11C92882494128F00380EA6 /* AppDelegate.swift in Sources */,
				E11C928A2494128F00380EA6 /* SceneDelegate.swift in Sources */,
				E11C928C2494128F00380EA6 /* ContentView.swift in Sources */,
			);
			runOnlyForDeploymentPostprocessing = 0;
		};
/* End PBXSourcesBuildPhase section */

/* Begin PBXVariantGroup section */
		E11C92922494129100380EA6 /* LaunchScreen.storyboard */ = {
			isa = PBXVariantGroup;
			children = (
				E11C92932494129100380EA6 /* Base */,
			);
			name = LaunchScreen.storyboard;
			sourceTree = "<group>";
		};
/* End PBXVariantGroup section */

/* Begin XCBuildConfiguration section */
		E11C92962494129100380EA6 /* Debug */ = {
			isa = XCBuildConfiguration;
			buildSettings = {
				ALWAYS_SEARCH_USER_PATHS = NO;
				CLANG_ANALYZER_NONNULL = YES;
				CLANG_ANALYZER_NUMBER_OBJECT_CONVERSION = YES_AGGRESSIVE;
				CLANG_CXX_LANGUAGE_STANDARD = "gnu++14";
				CLANG_CXX_LIBRARY = "libc++";
				CLANG_ENABLE_MODULES = YES;
				CLANG_ENABLE_OBJC_ARC = YES;
				CLANG_ENABLE_OBJC_WEAK = YES;
				CLANG_WARN_BLOCK_CAPTURE_AUTORELEASING = YES;
				CLANG_WARN_BOOL_CONVERSION = YES;
				CLANG_WARN_COMMA = YES;
				CLANG_WARN_CONSTANT_CONVERSION = YES;
				CLANG_WARN_DEPRECATED_OBJC_IMPLEMENTATIONS = YES;
				CLANG_WARN_DIRECT_OBJC_ISA_USAGE = YES_ERROR;
				CLANG_WARN_DOCUMENTATION_COMMENTS = YES;
				CLANG_WARN_EMPTY_BODY = YES;
				CLANG_WARN_ENUM_CONVERSION = YES;
				CLANG_WARN_INFINITE_RECURSION = YES;
				CLANG_WARN_INT_CONVERSION = YES;
				CLANG_WARN_NON_LITERAL_NULL_CONVERSION = YES;
				CLANG_WARN_OBJC_IMPLICIT_RETAIN_SELF = YES;
				CLANG_WARN_OBJC_LITERAL_CONVERSION = YES;
				CLANG_WARN_OBJC_ROOT_CLASS = YES_ERROR;
				CLANG_WARN_RANGE_LOOP_ANALYSIS = YES;
				CLANG_WARN_STRICT_PROTOTYPES = YES;
				CLANG_WARN_SUSPICIOUS_MOVE = YES;
				CLANG_WARN_UNGUARDED_AVAILABILITY = YES_AGGRESSIVE;
				CLANG_WARN_UNREACHABLE_CODE = YES;
				CLANG_WARN__DUPLICATE_METHOD_MATCH = YES;
				COPY_PHASE_STRIP = NO;
				DEBUG_INFORMATION_FORMAT = dwarf;
				ENABLE_STRICT_OBJC_MSGSEND = YES;
				ENABLE_TESTABILITY = YES;
				GCC_C_LANGUAGE_STANDARD = gnu11;
				GCC_DYNAMIC_NO_PIC = NO;
				GCC_NO_COMMON_BLOCKS = YES;
				GCC_OPTIMIZATION_LEVEL = 0;
				GCC_PREPROCESSOR_DEFINITIONS = (
					"DEBUG=1",
					"$(inherited)",
				);
				GCC_WARN_64_TO_32_BIT_CONVERSION = YES;
				GCC_WARN_ABOUT_RETURN_TYPE = YES_ERROR;
				GCC_WARN_UNDECLARED_SELECTOR = YES;
				GCC_WARN_UNINITIALIZED_AUTOS = YES_AGGRESSIVE;
				GCC_WARN_UNUSED_FUNCTION = YES;
				GCC_WARN_UNUSED_VARIABLE = YES;
				IPHONEOS_DEPLOYMENT_TARGET = 13.5;
				MTL_ENABLE_DEBUG_INFO = INCLUDE_SOURCE;
				MTL_FAST_MATH = YES;
				ONLY_ACTIVE_ARCH = YES;
				SDKROOT = iphoneos;
				SWIFT_ACTIVE_COMPILATION_CONDITIONS = DEBUG;
				SWIFT_OPTIMIZATION_LEVEL = "-Onone";
			};
			name = Debug;
		};
		E11C92972494129100380EA6 /* Release */ = {
			isa = XCBuildConfiguration;
			buildSettings = {
				ALWAYS_SEARCH_USER_PATHS = NO;
				CLANG_ANALYZER_NONNULL = YES;
				CLANG_ANALYZER_NUMBER_OBJECT_CONVERSION = YES_AGGRESSIVE;
				CLANG_CXX_LANGUAGE_STANDARD = "gnu++14";
				CLANG_CXX_LIBRARY = "libc++";
				CLANG_ENABLE_MODULES = YES;
				CLANG_ENABLE_OBJC_ARC = YES;
				CLANG_ENABLE_OBJC_WEAK = YES;
				CLANG_WARN_BLOCK_CAPTURE_AUTORELEASING = YES;
				CLANG_WARN_BOOL_CONVERSION = YES;
				CLANG_WARN_COMMA = YES;
				CLANG_WARN_CONSTANT_CONVERSION = YES;
				CLANG_WARN_DEPRECATED_OBJC_IMPLEMENTATIONS = YES;
				CLANG_WARN_DIRECT_OBJC_ISA_USAGE = YES_ERROR;
				CLANG_WARN_DOCUMENTATION_COMMENTS = YES;
				CLANG_WARN_EMPTY_BODY = YES;
				CLANG_WARN_ENUM_CONVERSION = YES;
				CLANG_WARN_INFINITE_RECURSION = YES;
				CLANG_WARN_INT_CONVERSION = YES;
				CLANG_WARN_NON_LITERAL_NULL_CONVERSION = YES;
				CLANG_WARN_OBJC_IMPLICIT_RETAIN_SELF = YES;
				CLANG_WARN_OBJC_LITERAL_CONVERSION = YES;
				CLANG_WARN_OBJC_ROOT_CLASS = YES_ERROR;
				CLANG_WARN_RANGE_LOOP_ANALYSIS = YES;
				CLANG_WARN_STRICT_PROTOTYPES = YES;
				CLANG_WARN_SUSPICIOUS_MOVE = YES;
				CLANG_WARN_UNGUARDED_AVAILABILITY = YES_AGGRESSIVE;
				CLANG_WARN_UNREACHABLE_CODE = YES;
				CLANG_WARN__DUPLICATE_METHOD_MATCH = YES;
				COPY_PHASE_STRIP = NO;
				DEBUG_INFORMATION_FORMAT = "dwarf-with-dsym";
				ENABLE_NS_ASSERTIONS = NO;
				ENABLE_STRICT_OBJC_MSGSEND = YES;
				GCC_C_LANGUAGE_STANDARD = gnu11;
				GCC_NO_COMMON_BLOCKS = YES;
				GCC_WARN_64_TO_32_BIT_CONVERSION = YES;
				GCC_WARN_ABOUT_RETURN_TYPE = YES_ERROR;
				GCC_WARN_UNDECLARED_SELECTOR = YES;
				GCC_WARN_UNINITIALIZED_AUTOS = YES_AGGRESSIVE;
				GCC_WARN_UNUSED_FUNCTION = YES;
				GCC_WARN_UNUSED_VARIABLE = YES;
				IPHONEOS_DEPLOYMENT_TARGET = 13.5;
				MTL_ENABLE_DEBUG_INFO = NO;
				MTL_FAST_MATH = YES;
				SDKROOT = iphoneos;
				SWIFT_COMPILATION_MODE = wholemodule;
				SWIFT_OPTIMIZATION_LEVEL = "-O";
				VALIDATE_PRODUCT = YES;
			};
			name = Release;
		};
		E11C92992494129100380EA6 /* Debug */ = {
			isa = XCBuildConfiguration;
			buildSettings = {
				ASSETCATALOG_COMPILER_APPICON_NAME = AppIcon;
				CODE_SIGN_STYLE = Automatic;
				DEVELOPMENT_ASSET_PATHS = "\"Bullseye-SwiftUI/Preview Content\"";
				DEVELOPMENT_TEAM = XWVP4F494Z;
				ENABLE_PREVIEWS = YES;
				INFOPLIST_FILE = "Bullseye-SwiftUI/Info.plist";
				LD_RUNPATH_SEARCH_PATHS = (
					"$(inherited)",
					"@executable_path/Frameworks",
				);
				PRODUCT_BUNDLE_IDENTIFIER = "dev.jasonpinlac.Bullseye-SwiftUI";
				PRODUCT_NAME = "$(TARGET_NAME)";
				SWIFT_VERSION = 5.0;
				TARGETED_DEVICE_FAMILY = "1,2";
			};
			name = Debug;
		};
		E11C929A2494129100380EA6 /* Release */ = {
			isa = XCBuildConfiguration;
			buildSettings = {
				ASSETCATALOG_COMPILER_APPICON_NAME = AppIcon;
				CODE_SIGN_STYLE = Automatic;
				DEVELOPMENT_ASSET_PATHS = "\"Bullseye-SwiftUI/Preview Content\"";
				DEVELOPMENT_TEAM = XWVP4F494Z;
				ENABLE_PREVIEWS = YES;
				INFOPLIST_FILE = "Bullseye-SwiftUI/Info.plist";
				LD_RUNPATH_SEARCH_PATHS = (
					"$(inherited)",
					"@executable_path/Frameworks",
				);
				PRODUCT_BUNDLE_IDENTIFIER = "dev.jasonpinlac.Bullseye-SwiftUI";
				PRODUCT_NAME = "$(TARGET_NAME)";
				SWIFT_VERSION = 5.0;
				TARGETED_DEVICE_FAMILY = "1,2";
			};
			name = Release;
		};
/* End XCBuildConfiguration section */

/* Begin XCConfigurationList section */
		E11C927F2494128F00380EA6 /* Build configuration list for PBXProject "Bullseye-SwiftUI" */ = {
			isa = XCConfigurationList;
			buildConfigurations = (
				E11C92962494129100380EA6 /* Debug */,
				E11C92972494129100380EA6 /* Release */,
			);
			defaultConfigurationIsVisible = 0;
			defaultConfigurationName = Release;
		};
		E11C92982494129100380EA6 /* Build configuration list for PBXNativeTarget "Bullseye-SwiftUI" */ = {
			isa = XCConfigurationList;
			buildConfigurations = (
				E11C92992494129100380EA6 /* Debug */,
				E11C929A2494129100380EA6 /* Release */,
			);
			defaultConfigurationIsVisible = 0;
			defaultConfigurationName = Release;
		};
/* End XCConfigurationList section */
	};
	rootObject = E11C927C2494128F00380EA6 /* Project object */;
}
